
Microsoft Visual Studio Solution File, Format Version 12.00
# Visual Studio Version 17
VisualStudioVersion = 17.9.34902.65
MinimumVisualStudioVersion = 10.0.40219.1
Project("{FAE04EC0-301F-11D3-BF4B-00C04F79EFBC}") = "IT123P-Intent Activity", "IT123P-Intent Activity.csproj", "{470A86CF-1BEB-428F-B696-89DA20D2A430}"
EndProject
Global
	GlobalSection(SolutionConfigurationPlatforms) = preSolution
		Debug|Any CPU = Debug|Any CPU
		Release|Any CPU = Release|Any CPU
	EndGlobalSection
	GlobalSection(ProjectConfigurationPlatforms) = postSolution
		{470A86CF-1BEB-428F-B696-89DA20D2A430}.Debug|Any CPU.ActiveCfg = Debug|Any CPU
		{470A86CF-1BEB-428F-B696-89DA20D2A430}.Debug|Any CPU.Build.0 = Debug|Any CPU
		{470A86CF-1BEB-428F-B696-89DA20D2A430}.Debug|Any CPU.Deploy.0 = Debug|Any CPU
		{470A86CF-1BEB-428F-B696-89DA20D2A430}.Release|Any CPU.ActiveCfg = Release|Any CPU
		{470A86CF-1BEB-428F-B696-89DA20D2A430}.Release|Any CPU.Build.0 = Release|Any CPU
		{470A86CF-1BEB-428F-B696-89DA20D2A430}.Release|Any CPU.Deploy.0 = Release|Any CPU
	EndGlobalSection
	GlobalSection(SolutionProperties) = preSolution
		HideSolutionNode = FALSE
	EndGlobalSection
	GlobalSection(ExtensibilityGlobals) = postSolution
		SolutionGuid = {FC5ECAFC-AB2A-4498-9C68-CB37620C4039}
	EndGlobalSection
EndGlobal
